<?xml version="1.0" encoding="UTF-8"?>
<!DOCTYPE plist PUBLIC "-//Apple//DTD PLIST 1.0//EN" "http://www.apple.com/DTDs/PropertyList-1.0.dtd">
<plist version="1.0">
<dict>
	<key>archiveVersion</key>
	<string>1</string>
	<key>classes</key>
	<dict/>
	<key>objectVersion</key>
	<string>46</string>
	<key>objects</key>
	<dict>
		<key>220CE0F41B52FFE9005E98F8</key>
		<dict>
			<key>children</key>
			<array>
				<string>220CE1351B5302C7005E98F8</string>
				<string>220CE1331B53027A005E98F8</string>
				<string>220CE0FF1B52FFE9005E98F8</string>
				<string>220CE1141B52FFE9005E98F8</string>
				<string>220CE11F1B52FFE9005E98F8</string>
				<string>220CE0FE1B52FFE9005E98F8</string>
			</array>
			<key>isa</key>
			<string>PBXGroup</string>
			<key>sourceTree</key>
			<string>&lt;group&gt;</string>
		</dict>
		<key>220CE0F51B52FFE9005E98F8</key>
		<dict>
			<key>attributes</key>
			<dict>
				<key>LastUpgradeCheck</key>
				<string>0700</string>
				<key>ORGANIZATIONNAME</key>
				<string>elos</string>
				<key>TargetAttributes</key>
				<dict>
					<key>220CE0FC1B52FFE9005E98F8</key>
					<dict>
						<key>CreatedOnToolsVersion</key>
						<string>7.0</string>
					</dict>
					<key>220CE1101B52FFE9005E98F8</key>
					<dict>
						<key>CreatedOnToolsVersion</key>
						<string>7.0</string>
						<key>TestTargetID</key>
						<string>220CE0FC1B52FFE9005E98F8</string>
					</dict>
					<key>220CE11B1B52FFE9005E98F8</key>
					<dict>
						<key>CreatedOnToolsVersion</key>
						<string>7.0</string>
						<key>TestTargetID</key>
						<string>220CE0FC1B52FFE9005E98F8</string>
					</dict>
				</dict>
			</dict>
			<key>buildConfigurationList</key>
			<string>220CE0F81B52FFE9005E98F8</string>
			<key>compatibilityVersion</key>
			<string>Xcode 3.2</string>
			<key>developmentRegion</key>
			<string>English</string>
			<key>hasScannedForEncodings</key>
			<string>0</string>
			<key>isa</key>
			<string>PBXProject</string>
			<key>knownRegions</key>
			<array>
				<string>en</string>
				<string>Base</string>
			</array>
			<key>mainGroup</key>
			<string>220CE0F41B52FFE9005E98F8</string>
			<key>productRefGroup</key>
			<string>220CE0FE1B52FFE9005E98F8</string>
			<key>projectDirPath</key>
			<string></string>
			<key>projectReferences</key>
			<array/>
			<key>projectRoot</key>
			<string></string>
			<key>targets</key>
			<array>
				<string>220CE0FC1B52FFE9005E98F8</string>
				<string>220CE1101B52FFE9005E98F8</string>
				<string>220CE11B1B52FFE9005E98F8</string>
			</array>
		</dict>
		<key>220CE0F81B52FFE9005E98F8</key>
		<dict>
			<key>buildConfigurations</key>
			<array>
				<string>220CE1231B52FFE9005E98F8</string>
				<string>220CE1241B52FFE9005E98F8</string>
			</array>
			<key>defaultConfigurationIsVisible</key>
			<string>0</string>
			<key>defaultConfigurationName</key>
			<string>Release</string>
			<key>isa</key>
			<string>XCConfigurationList</string>
		</dict>
		<key>220CE0F91B52FFE9005E98F8</key>
		<dict>
			<key>buildActionMask</key>
			<string>2147483647</string>
			<key>files</key>
			<array>
				<string>220CE1031B52FFE9005E98F8</string>
				<string>220CE1011B52FFE9005E98F8</string>
				<string>226763A71B530B13009DC07D</string>
				<string>220CE1381B5308D5005E98F8</string>
			</array>
			<key>isa</key>
			<string>PBXSourcesBuildPhase</string>
			<key>runOnlyForDeploymentPostprocessing</key>
			<string>0</string>
		</dict>
		<key>220CE0FA1B52FFE9005E98F8</key>
		<dict>
			<key>buildActionMask</key>
			<string>2147483647</string>
			<key>files</key>
			<array>
				<string>220CE1341B53027A005E98F8</string>
				<string>220CE1361B5302C7005E98F8</string>
			</array>
			<key>isa</key>
			<string>PBXFrameworksBuildPhase</string>
			<key>runOnlyForDeploymentPostprocessing</key>
			<string>0</string>
		</dict>
		<key>220CE0FB1B52FFE9005E98F8</key>
		<dict>
			<key>buildActionMask</key>
			<string>2147483647</string>
			<key>files</key>
			<array>
				<string>220CE10B1B52FFE9005E98F8</string>
				<string>220CE1081B52FFE9005E98F8</string>
				<string>220CE1061B52FFE9005E98F8</string>
			</array>
			<key>isa</key>
			<string>PBXResourcesBuildPhase</string>
			<key>runOnlyForDeploymentPostprocessing</key>
			<string>0</string>
		</dict>
		<key>220CE0FC1B52FFE9005E98F8</key>
		<dict>
			<key>buildConfigurationList</key>
			<string>220CE1251B52FFE9005E98F8</string>
			<key>buildPhases</key>
			<array>
				<string>220CE0F91B52FFE9005E98F8</string>
				<string>220CE0FA1B52FFE9005E98F8</string>
				<string>220CE0FB1B52FFE9005E98F8</string>
				<string>220CE1321B53013B005E98F8</string>
			</array>
			<key>buildRules</key>
			<array/>
			<key>dependencies</key>
			<array/>
			<key>isa</key>
			<string>PBXNativeTarget</string>
			<key>name</key>
			<string>Dawn</string>
			<key>productName</key>
			<string>Dawn</string>
			<key>productReference</key>
			<string>220CE0FD1B52FFE9005E98F8</string>
			<key>productType</key>
			<string>com.apple.product-type.application</string>
		</dict>
		<key>220CE0FD1B52FFE9005E98F8</key>
		<dict>
			<key>explicitFileType</key>
			<string>wrapper.application</string>
			<key>includeInIndex</key>
			<string>0</string>
			<key>isa</key>
			<string>PBXFileReference</string>
			<key>path</key>
			<string>Dawn.app</string>
			<key>sourceTree</key>
			<string>BUILT_PRODUCTS_DIR</string>
		</dict>
		<key>220CE0FE1B52FFE9005E98F8</key>
		<dict>
			<key>children</key>
			<array>
				<string>220CE0FD1B52FFE9005E98F8</string>
				<string>220CE1111B52FFE9005E98F8</string>
				<string>220CE11C1B52FFE9005E98F8</string>
			</array>
			<key>isa</key>
			<string>PBXGroup</string>
			<key>name</key>
			<string>Products</string>
			<key>sourceTree</key>
			<string>&lt;group&gt;</string>
		</dict>
		<key>220CE0FF1B52FFE9005E98F8</key>
		<dict>
			<key>children</key>
			<array>
				<string>220CE1001B52FFE9005E98F8</string>
				<string>226763A81B53198A009DC07D</string>
				<string>220CE1021B52FFE9005E98F8</string>
				<string>220CE1041B52FFE9005E98F8</string>
				<string>220CE1071B52FFE9005E98F8</string>
				<string>220CE1091B52FFE9005E98F8</string>
				<string>220CE10C1B52FFE9005E98F8</string>
			</array>
			<key>isa</key>
			<string>PBXGroup</string>
			<key>path</key>
			<string>Dawn</string>
			<key>sourceTree</key>
			<string>&lt;group&gt;</string>
		</dict>
		<key>220CE1001B52FFE9005E98F8</key>
		<dict>
			<key>isa</key>
			<string>PBXFileReference</string>
			<key>lastKnownFileType</key>
			<string>sourcecode.swift</string>
			<key>path</key>
			<string>AppDelegate.swift</string>
			<key>sourceTree</key>
			<string>&lt;group&gt;</string>
		</dict>
		<key>220CE1011B52FFE9005E98F8</key>
		<dict>
			<key>fileRef</key>
			<string>220CE1001B52FFE9005E98F8</string>
			<key>isa</key>
			<string>PBXBuildFile</string>
		</dict>
		<key>220CE1021B52FFE9005E98F8</key>
		<dict>
			<key>isa</key>
			<string>PBXFileReference</string>
			<key>lastKnownFileType</key>
			<string>sourcecode.swift</string>
			<key>path</key>
			<string>ViewController.swift</string>
			<key>sourceTree</key>
			<string>&lt;group&gt;</string>
		</dict>
		<key>220CE1031B52FFE9005E98F8</key>
		<dict>
			<key>fileRef</key>
			<string>220CE1021B52FFE9005E98F8</string>
			<key>isa</key>
			<string>PBXBuildFile</string>
		</dict>
		<key>220CE1041B52FFE9005E98F8</key>
		<dict>
			<key>children</key>
			<array>
				<string>220CE1051B52FFE9005E98F8</string>
			</array>
			<key>isa</key>
			<string>PBXVariantGroup</string>
			<key>name</key>
			<string>Main.storyboard</string>
			<key>path</key>
			<string>.</string>
			<key>sourceTree</key>
			<string>&lt;group&gt;</string>
		</dict>
		<key>220CE1051B52FFE9005E98F8</key>
		<dict>
			<key>isa</key>
			<string>PBXFileReference</string>
			<key>lastKnownFileType</key>
			<string>file.storyboard</string>
			<key>name</key>
			<string>Base</string>
			<key>path</key>
			<string>Base.lproj/Main.storyboard</string>
			<key>sourceTree</key>
			<string>&lt;group&gt;</string>
		</dict>
		<key>220CE1061B52FFE9005E98F8</key>
		<dict>
			<key>fileRef</key>
			<string>220CE1041B52FFE9005E98F8</string>
			<key>isa</key>
			<string>PBXBuildFile</string>
		</dict>
		<key>220CE1071B52FFE9005E98F8</key>
		<dict>
			<key>isa</key>
			<string>PBXFileReference</string>
			<key>lastKnownFileType</key>
			<string>folder.assetcatalog</string>
			<key>path</key>
			<string>Assets.xcassets</string>
			<key>sourceTree</key>
			<string>&lt;group&gt;</string>
		</dict>
		<key>220CE1081B52FFE9005E98F8</key>
		<dict>
			<key>fileRef</key>
			<string>220CE1071B52FFE9005E98F8</string>
			<key>isa</key>
			<string>PBXBuildFile</string>
		</dict>
		<key>220CE1091B52FFE9005E98F8</key>
		<dict>
			<key>children</key>
			<array>
				<string>220CE10A1B52FFE9005E98F8</string>
			</array>
			<key>isa</key>
			<string>PBXVariantGroup</string>
			<key>name</key>
			<string>LaunchScreen.storyboard</string>
			<key>path</key>
			<string>.</string>
			<key>sourceTree</key>
			<string>&lt;group&gt;</string>
		</dict>
		<key>220CE10A1B52FFE9005E98F8</key>
		<dict>
			<key>isa</key>
			<string>PBXFileReference</string>
			<key>lastKnownFileType</key>
			<string>file.storyboard</string>
			<key>name</key>
			<string>Base</string>
			<key>path</key>
			<string>Base.lproj/LaunchScreen.storyboard</string>
			<key>sourceTree</key>
			<string>&lt;group&gt;</string>
		</dict>
		<key>220CE10B1B52FFE9005E98F8</key>
		<dict>
			<key>fileRef</key>
			<string>220CE1091B52FFE9005E98F8</string>
			<key>isa</key>
			<string>PBXBuildFile</string>
		</dict>
		<key>220CE10C1B52FFE9005E98F8</key>
		<dict>
			<key>isa</key>
			<string>PBXFileReference</string>
			<key>lastKnownFileType</key>
			<string>text.plist.xml</string>
			<key>path</key>
			<string>Info.plist</string>
			<key>sourceTree</key>
			<string>&lt;group&gt;</string>
		</dict>
		<key>220CE10D1B52FFE9005E98F8</key>
		<dict>
			<key>buildActionMask</key>
			<string>2147483647</string>
			<key>files</key>
			<array>
				<string>220CE1161B52FFE9005E98F8</string>
			</array>
			<key>isa</key>
			<string>PBXSourcesBuildPhase</string>
			<key>runOnlyForDeploymentPostprocessing</key>
			<string>0</string>
		</dict>
		<key>220CE10E1B52FFE9005E98F8</key>
		<dict>
			<key>buildActionMask</key>
			<string>2147483647</string>
			<key>files</key>
			<array/>
			<key>isa</key>
			<string>PBXFrameworksBuildPhase</string>
			<key>runOnlyForDeploymentPostprocessing</key>
			<string>0</string>
		</dict>
		<key>220CE10F1B52FFE9005E98F8</key>
		<dict>
			<key>buildActionMask</key>
			<string>2147483647</string>
			<key>files</key>
			<array/>
			<key>isa</key>
			<string>PBXResourcesBuildPhase</string>
			<key>runOnlyForDeploymentPostprocessing</key>
			<string>0</string>
		</dict>
		<key>220CE1101B52FFE9005E98F8</key>
		<dict>
			<key>buildConfigurationList</key>
			<string>220CE1281B52FFE9005E98F8</string>
			<key>buildPhases</key>
			<array>
				<string>220CE10D1B52FFE9005E98F8</string>
				<string>220CE10E1B52FFE9005E98F8</string>
				<string>220CE10F1B52FFE9005E98F8</string>
			</array>
			<key>buildRules</key>
			<array/>
			<key>dependencies</key>
			<array>
				<string>220CE1131B52FFE9005E98F8</string>
			</array>
			<key>isa</key>
			<string>PBXNativeTarget</string>
			<key>name</key>
			<string>DawnTests</string>
			<key>productName</key>
			<string>DawnTests</string>
			<key>productReference</key>
			<string>220CE1111B52FFE9005E98F8</string>
			<key>productType</key>
			<string>com.apple.product-type.bundle.unit-test</string>
		</dict>
		<key>220CE1111B52FFE9005E98F8</key>
		<dict>
			<key>explicitFileType</key>
			<string>wrapper.cfbundle</string>
			<key>includeInIndex</key>
			<string>0</string>
			<key>isa</key>
			<string>PBXFileReference</string>
			<key>path</key>
			<string>DawnTests.xctest</string>
			<key>sourceTree</key>
			<string>BUILT_PRODUCTS_DIR</string>
		</dict>
		<key>220CE1121B52FFE9005E98F8</key>
		<dict>
			<key>containerPortal</key>
			<string>220CE0F51B52FFE9005E98F8</string>
			<key>isa</key>
			<string>PBXContainerItemProxy</string>
			<key>proxyType</key>
			<string>1</string>
			<key>remoteGlobalIDString</key>
			<string>220CE0FC1B52FFE9005E98F8</string>
			<key>remoteInfo</key>
			<string>Dawn</string>
		</dict>
		<key>220CE1131B52FFE9005E98F8</key>
		<dict>
			<key>isa</key>
			<string>PBXTargetDependency</string>
			<key>target</key>
			<string>220CE0FC1B52FFE9005E98F8</string>
			<key>targetProxy</key>
			<string>220CE1121B52FFE9005E98F8</string>
		</dict>
		<key>220CE1141B52FFE9005E98F8</key>
		<dict>
			<key>children</key>
			<array>
				<string>220CE1151B52FFE9005E98F8</string>
				<string>220CE1171B52FFE9005E98F8</string>
			</array>
			<key>isa</key>
			<string>PBXGroup</string>
			<key>path</key>
			<string>DawnTests</string>
			<key>sourceTree</key>
			<string>&lt;group&gt;</string>
		</dict>
		<key>220CE1151B52FFE9005E98F8</key>
		<dict>
			<key>isa</key>
			<string>PBXFileReference</string>
			<key>lastKnownFileType</key>
			<string>sourcecode.swift</string>
			<key>path</key>
			<string>DawnTests.swift</string>
			<key>sourceTree</key>
			<string>&lt;group&gt;</string>
		</dict>
		<key>220CE1161B52FFE9005E98F8</key>
		<dict>
			<key>fileRef</key>
			<string>220CE1151B52FFE9005E98F8</string>
			<key>isa</key>
			<string>PBXBuildFile</string>
		</dict>
		<key>220CE1171B52FFE9005E98F8</key>
		<dict>
			<key>isa</key>
			<string>PBXFileReference</string>
			<key>lastKnownFileType</key>
			<string>text.plist.xml</string>
			<key>path</key>
			<string>Info.plist</string>
			<key>sourceTree</key>
			<string>&lt;group&gt;</string>
		</dict>
		<key>220CE1181B52FFE9005E98F8</key>
		<dict>
			<key>buildActionMask</key>
			<string>2147483647</string>
			<key>files</key>
			<array>
				<string>220CE1211B52FFE9005E98F8</string>
			</array>
			<key>isa</key>
			<string>PBXSourcesBuildPhase</string>
			<key>runOnlyForDeploymentPostprocessing</key>
			<string>0</string>
		</dict>
		<key>220CE1191B52FFE9005E98F8</key>
		<dict>
			<key>buildActionMask</key>
			<string>2147483647</string>
			<key>files</key>
			<array/>
			<key>isa</key>
			<string>PBXFrameworksBuildPhase</string>
			<key>runOnlyForDeploymentPostprocessing</key>
			<string>0</string>
		</dict>
		<key>220CE11A1B52FFE9005E98F8</key>
		<dict>
			<key>buildActionMask</key>
			<string>2147483647</string>
			<key>files</key>
			<array/>
			<key>isa</key>
			<string>PBXResourcesBuildPhase</string>
			<key>runOnlyForDeploymentPostprocessing</key>
			<string>0</string>
		</dict>
		<key>220CE11B1B52FFE9005E98F8</key>
		<dict>
			<key>buildConfigurationList</key>
			<string>220CE12B1B52FFE9005E98F8</string>
			<key>buildPhases</key>
			<array>
				<string>220CE1181B52FFE9005E98F8</string>
				<string>220CE1191B52FFE9005E98F8</string>
				<string>220CE11A1B52FFE9005E98F8</string>
			</array>
			<key>buildRules</key>
			<array/>
			<key>dependencies</key>
			<array>
				<string>220CE11E1B52FFE9005E98F8</string>
			</array>
			<key>isa</key>
			<string>PBXNativeTarget</string>
			<key>name</key>
			<string>DawnUITests</string>
			<key>productName</key>
			<string>DawnUITests</string>
			<key>productReference</key>
			<string>220CE11C1B52FFE9005E98F8</string>
			<key>productType</key>
			<string>com.apple.product-type.bundle.ui-testing</string>
		</dict>
		<key>220CE11C1B52FFE9005E98F8</key>
		<dict>
			<key>explicitFileType</key>
			<string>wrapper.cfbundle</string>
			<key>includeInIndex</key>
			<string>0</string>
			<key>isa</key>
			<string>PBXFileReference</string>
			<key>path</key>
			<string>DawnUITests.xctest</string>
			<key>sourceTree</key>
			<string>BUILT_PRODUCTS_DIR</string>
		</dict>
		<key>220CE11D1B52FFE9005E98F8</key>
		<dict>
			<key>containerPortal</key>
			<string>220CE0F51B52FFE9005E98F8</string>
			<key>isa</key>
			<string>PBXContainerItemProxy</string>
			<key>proxyType</key>
			<string>1</string>
			<key>remoteGlobalIDString</key>
			<string>220CE0FC1B52FFE9005E98F8</string>
			<key>remoteInfo</key>
			<string>Dawn</string>
		</dict>
		<key>220CE11E1B52FFE9005E98F8</key>
		<dict>
			<key>isa</key>
			<string>PBXTargetDependency</string>
			<key>target</key>
			<string>220CE0FC1B52FFE9005E98F8</string>
			<key>targetProxy</key>
			<string>220CE11D1B52FFE9005E98F8</string>
		</dict>
		<key>220CE11F1B52FFE9005E98F8</key>
		<dict>
			<key>children</key>
			<array>
				<string>220CE1201B52FFE9005E98F8</string>
				<string>220CE1221B52FFE9005E98F8</string>
			</array>
			<key>isa</key>
			<string>PBXGroup</string>
			<key>path</key>
			<string>DawnUITests</string>
			<key>sourceTree</key>
			<string>&lt;group&gt;</string>
		</dict>
		<key>220CE1201B52FFE9005E98F8</key>
		<dict>
			<key>isa</key>
			<string>PBXFileReference</string>
			<key>lastKnownFileType</key>
			<string>sourcecode.swift</string>
			<key>path</key>
			<string>DawnUITests.swift</string>
			<key>sourceTree</key>
			<string>&lt;group&gt;</string>
		</dict>
		<key>220CE1211B52FFE9005E98F8</key>
		<dict>
			<key>fileRef</key>
			<string>220CE1201B52FFE9005E98F8</string>
			<key>isa</key>
			<string>PBXBuildFile</string>
		</dict>
		<key>220CE1221B52FFE9005E98F8</key>
		<dict>
			<key>isa</key>
			<string>PBXFileReference</string>
			<key>lastKnownFileType</key>
			<string>text.plist.xml</string>
			<key>path</key>
			<string>Info.plist</string>
			<key>sourceTree</key>
			<string>&lt;group&gt;</string>
		</dict>
		<key>220CE1231B52FFE9005E98F8</key>
		<dict>
			<key>buildSettings</key>
			<dict>
				<key>ALWAYS_SEARCH_USER_PATHS</key>
				<string>NO</string>
				<key>CLANG_CXX_LANGUAGE_STANDARD</key>
				<string>gnu++0x</string>
				<key>CLANG_CXX_LIBRARY</key>
				<string>libc++</string>
				<key>CLANG_ENABLE_MODULES</key>
				<string>YES</string>
				<key>CLANG_ENABLE_OBJC_ARC</key>
				<string>YES</string>
				<key>CLANG_WARN_BOOL_CONVERSION</key>
				<string>YES</string>
				<key>CLANG_WARN_CONSTANT_CONVERSION</key>
				<string>YES</string>
				<key>CLANG_WARN_DIRECT_OBJC_ISA_USAGE</key>
				<string>YES_ERROR</string>
				<key>CLANG_WARN_EMPTY_BODY</key>
				<string>YES</string>
				<key>CLANG_WARN_ENUM_CONVERSION</key>
				<string>YES</string>
				<key>CLANG_WARN_INT_CONVERSION</key>
				<string>YES</string>
				<key>CLANG_WARN_OBJC_ROOT_CLASS</key>
				<string>YES_ERROR</string>
				<key>CLANG_WARN_UNREACHABLE_CODE</key>
				<string>YES</string>
				<key>CLANG_WARN__DUPLICATE_METHOD_MATCH</key>
				<string>YES</string>
				<key>CODE_SIGN_IDENTITY[sdk=iphoneos*]</key>
				<string>iPhone Developer</string>
				<key>COPY_PHASE_STRIP</key>
				<string>NO</string>
				<key>DEBUG_INFORMATION_FORMAT</key>
				<string>dwarf</string>
				<key>ENABLE_STRICT_OBJC_MSGSEND</key>
				<string>YES</string>
				<key>ENABLE_TESTABILITY</key>
				<string>YES</string>
				<key>GCC_C_LANGUAGE_STANDARD</key>
				<string>gnu99</string>
				<key>GCC_DYNAMIC_NO_PIC</key>
				<string>NO</string>
				<key>GCC_NO_COMMON_BLOCKS</key>
				<string>YES</string>
				<key>GCC_OPTIMIZATION_LEVEL</key>
				<string>0</string>
				<key>GCC_PREPROCESSOR_DEFINITIONS</key>
				<array>
					<string>DEBUG=1</string>
					<string>$(inherited)</string>
				</array>
				<key>GCC_WARN_64_TO_32_BIT_CONVERSION</key>
				<string>YES</string>
				<key>GCC_WARN_ABOUT_RETURN_TYPE</key>
				<string>YES_ERROR</string>
				<key>GCC_WARN_UNDECLARED_SELECTOR</key>
				<string>YES</string>
				<key>GCC_WARN_UNINITIALIZED_AUTOS</key>
				<string>YES_AGGRESSIVE</string>
				<key>GCC_WARN_UNUSED_FUNCTION</key>
				<string>YES</string>
				<key>GCC_WARN_UNUSED_VARIABLE</key>
				<string>YES</string>
				<key>IPHONEOS_DEPLOYMENT_TARGET</key>
				<string>9.0</string>
				<key>MTL_ENABLE_DEBUG_INFO</key>
				<string>YES</string>
				<key>ONLY_ACTIVE_ARCH</key>
				<string>YES</string>
				<key>SDKROOT</key>
				<string>iphoneos</string>
				<key>SWIFT_OPTIMIZATION_LEVEL</key>
				<string>-Onone</string>
			</dict>
			<key>isa</key>
			<string>XCBuildConfiguration</string>
			<key>name</key>
			<string>Debug</string>
		</dict>
		<key>220CE1241B52FFE9005E98F8</key>
		<dict>
			<key>buildSettings</key>
			<dict>
				<key>ALWAYS_SEARCH_USER_PATHS</key>
				<string>NO</string>
				<key>CLANG_CXX_LANGUAGE_STANDARD</key>
				<string>gnu++0x</string>
				<key>CLANG_CXX_LIBRARY</key>
				<string>libc++</string>
				<key>CLANG_ENABLE_MODULES</key>
				<string>YES</string>
				<key>CLANG_ENABLE_OBJC_ARC</key>
				<string>YES</string>
				<key>CLANG_WARN_BOOL_CONVERSION</key>
				<string>YES</string>
				<key>CLANG_WARN_CONSTANT_CONVERSION</key>
				<string>YES</string>
				<key>CLANG_WARN_DIRECT_OBJC_ISA_USAGE</key>
				<string>YES_ERROR</string>
				<key>CLANG_WARN_EMPTY_BODY</key>
				<string>YES</string>
				<key>CLANG_WARN_ENUM_CONVERSION</key>
				<string>YES</string>
				<key>CLANG_WARN_INT_CONVERSION</key>
				<string>YES</string>
				<key>CLANG_WARN_OBJC_ROOT_CLASS</key>
				<string>YES_ERROR</string>
				<key>CLANG_WARN_UNREACHABLE_CODE</key>
				<string>YES</string>
				<key>CLANG_WARN__DUPLICATE_METHOD_MATCH</key>
				<string>YES</string>
				<key>CODE_SIGN_IDENTITY[sdk=iphoneos*]</key>
				<string>iPhone Developer</string>
				<key>COPY_PHASE_STRIP</key>
				<string>NO</string>
				<key>DEBUG_INFORMATION_FORMAT</key>
				<string>dwarf-with-dsym</string>
				<key>ENABLE_NS_ASSERTIONS</key>
				<string>NO</string>
				<key>ENABLE_STRICT_OBJC_MSGSEND</key>
				<string>YES</string>
				<key>GCC_C_LANGUAGE_STANDARD</key>
				<string>gnu99</string>
				<key>GCC_NO_COMMON_BLOCKS</key>
				<string>YES</string>
				<key>GCC_WARN_64_TO_32_BIT_CONVERSION</key>
				<string>YES</string>
				<key>GCC_WARN_ABOUT_RETURN_TYPE</key>
				<string>YES_ERROR</string>
				<key>GCC_WARN_UNDECLARED_SELECTOR</key>
				<string>YES</string>
				<key>GCC_WARN_UNINITIALIZED_AUTOS</key>
				<string>YES_AGGRESSIVE</string>
				<key>GCC_WARN_UNUSED_FUNCTION</key>
				<string>YES</string>
				<key>GCC_WARN_UNUSED_VARIABLE</key>
				<string>YES</string>
				<key>IPHONEOS_DEPLOYMENT_TARGET</key>
				<string>9.0</string>
				<key>MTL_ENABLE_DEBUG_INFO</key>
				<string>NO</string>
				<key>SDKROOT</key>
				<string>iphoneos</string>
				<key>VALIDATE_PRODUCT</key>
				<string>YES</string>
			</dict>
			<key>isa</key>
			<string>XCBuildConfiguration</string>
			<key>name</key>
			<string>Release</string>
		</dict>
		<key>220CE1251B52FFE9005E98F8</key>
		<dict>
			<key>buildConfigurations</key>
			<array>
				<string>220CE1261B52FFE9005E98F8</string>
				<string>220CE1271B52FFE9005E98F8</string>
			</array>
			<key>defaultConfigurationIsVisible</key>
			<string>0</string>
			<key>defaultConfigurationName</key>
			<string>Release</string>
			<key>isa</key>
			<string>XCConfigurationList</string>
		</dict>
		<key>220CE1261B52FFE9005E98F8</key>
		<dict>
			<key>buildSettings</key>
			<dict>
				<key>ASSETCATALOG_COMPILER_APPICON_NAME</key>
				<string>AppIcon</string>
				<key>FRAMEWORK_SEARCH_PATHS</key>
				<string>$(PROJECT_DIR)/Carthage/Build/iOS/</string>
				<key>INFOPLIST_FILE</key>
				<string>Dawn/Info.plist</string>
				<key>LD_RUNPATH_SEARCH_PATHS</key>
				<string>$(inherited) @executable_path/Frameworks</string>
				<key>PRODUCT_BUNDLE_IDENTIFIER</key>
				<string>io.elos.Dawn</string>
				<key>PRODUCT_NAME</key>
				<string>$(TARGET_NAME)</string>
			</dict>
			<key>isa</key>
			<string>XCBuildConfiguration</string>
			<key>name</key>
			<string>Debug</string>
		</dict>
		<key>220CE1271B52FFE9005E98F8</key>
		<dict>
			<key>buildSettings</key>
			<dict>
				<key>ASSETCATALOG_COMPILER_APPICON_NAME</key>
				<string>AppIcon</string>
				<key>FRAMEWORK_SEARCH_PATHS</key>
				<string>$(PROJECT_DIR)/Carthage/Build/iOS/</string>
				<key>INFOPLIST_FILE</key>
				<string>Dawn/Info.plist</string>
				<key>LD_RUNPATH_SEARCH_PATHS</key>
				<string>$(inherited) @executable_path/Frameworks</string>
				<key>PRODUCT_BUNDLE_IDENTIFIER</key>
				<string>io.elos.Dawn</string>
				<key>PRODUCT_NAME</key>
				<string>$(TARGET_NAME)</string>
			</dict>
			<key>isa</key>
			<string>XCBuildConfiguration</string>
			<key>name</key>
			<string>Release</string>
		</dict>
		<key>220CE1281B52FFE9005E98F8</key>
		<dict>
			<key>buildConfigurations</key>
			<array>
				<string>220CE1291B52FFE9005E98F8</string>
				<string>220CE12A1B52FFE9005E98F8</string>
			</array>
			<key>defaultConfigurationIsVisible</key>
			<string>0</string>
			<key>defaultConfigurationName</key>
			<string>Release</string>
			<key>isa</key>
			<string>XCConfigurationList</string>
		</dict>
		<key>220CE1291B52FFE9005E98F8</key>
		<dict>
			<key>buildSettings</key>
			<dict>
				<key>BUNDLE_LOADER</key>
				<string>$(TEST_HOST)</string>
				<key>INFOPLIST_FILE</key>
				<string>DawnTests/Info.plist</string>
				<key>LD_RUNPATH_SEARCH_PATHS</key>
				<string>$(inherited) @executable_path/Frameworks @loader_path/Frameworks</string>
				<key>PRODUCT_BUNDLE_IDENTIFIER</key>
				<string>io.elos.DawnTests</string>
				<key>PRODUCT_NAME</key>
				<string>$(TARGET_NAME)</string>
				<key>TEST_HOST</key>
				<string>$(BUILT_PRODUCTS_DIR)/Dawn.app/Dawn</string>
			</dict>
			<key>isa</key>
			<string>XCBuildConfiguration</string>
			<key>name</key>
			<string>Debug</string>
		</dict>
		<key>220CE12A1B52FFE9005E98F8</key>
		<dict>
			<key>buildSettings</key>
			<dict>
				<key>BUNDLE_LOADER</key>
				<string>$(TEST_HOST)</string>
				<key>INFOPLIST_FILE</key>
				<string>DawnTests/Info.plist</string>
				<key>LD_RUNPATH_SEARCH_PATHS</key>
				<string>$(inherited) @executable_path/Frameworks @loader_path/Frameworks</string>
				<key>PRODUCT_BUNDLE_IDENTIFIER</key>
				<string>io.elos.DawnTests</string>
				<key>PRODUCT_NAME</key>
				<string>$(TARGET_NAME)</string>
				<key>TEST_HOST</key>
				<string>$(BUILT_PRODUCTS_DIR)/Dawn.app/Dawn</string>
			</dict>
			<key>isa</key>
			<string>XCBuildConfiguration</string>
			<key>name</key>
			<string>Release</string>
		</dict>
		<key>220CE12B1B52FFE9005E98F8</key>
		<dict>
			<key>buildConfigurations</key>
			<array>
				<string>220CE12C1B52FFE9005E98F8</string>
				<string>220CE12D1B52FFE9005E98F8</string>
			</array>
			<key>defaultConfigurationIsVisible</key>
			<string>0</string>
			<key>defaultConfigurationName</key>
			<string>Release</string>
			<key>isa</key>
			<string>XCConfigurationList</string>
		</dict>
		<key>220CE12C1B52FFE9005E98F8</key>
		<dict>
			<key>buildSettings</key>
			<dict>
				<key>INFOPLIST_FILE</key>
				<string>DawnUITests/Info.plist</string>
				<key>LD_RUNPATH_SEARCH_PATHS</key>
				<string>$(inherited) @executable_path/Frameworks @loader_path/Frameworks</string>
				<key>PRODUCT_BUNDLE_IDENTIFIER</key>
				<string>io.elos.DawnUITests</string>
				<key>PRODUCT_NAME</key>
				<string>$(TARGET_NAME)</string>
				<key>TEST_TARGET_NAME</key>
				<string>Dawn</string>
				<key>USES_XCTRUNNER</key>
				<string>YES</string>
			</dict>
			<key>isa</key>
			<string>XCBuildConfiguration</string>
			<key>name</key>
			<string>Debug</string>
		</dict>
		<key>220CE12D1B52FFE9005E98F8</key>
		<dict>
			<key>buildSettings</key>
			<dict>
				<key>INFOPLIST_FILE</key>
				<string>DawnUITests/Info.plist</string>
				<key>LD_RUNPATH_SEARCH_PATHS</key>
				<string>$(inherited) @executable_path/Frameworks @loader_path/Frameworks</string>
				<key>PRODUCT_BUNDLE_IDENTIFIER</key>
				<string>io.elos.DawnUITests</string>
				<key>PRODUCT_NAME</key>
				<string>$(TARGET_NAME)</string>
				<key>TEST_TARGET_NAME</key>
				<string>Dawn</string>
				<key>USES_XCTRUNNER</key>
				<string>YES</string>
			</dict>
			<key>isa</key>
			<string>XCBuildConfiguration</string>
			<key>name</key>
			<string>Release</string>
		</dict>
		<key>220CE1321B53013B005E98F8</key>
		<dict>
			<key>buildActionMask</key>
			<string>2147483647</string>
			<key>files</key>
			<array/>
			<key>inputPaths</key>
			<array>
				<string>$(SRCROOT)/Carthage/Build/iOS/Result.framework</string>
				<string>$(SRCROOT)/Carthage/Build/iOS/ReactiveCocoa.framework</string>
			</array>
			<key>isa</key>
			<string>PBXShellScriptBuildPhase</string>
			<key>outputPaths</key>
			<array/>
			<key>runOnlyForDeploymentPostprocessing</key>
			<string>0</string>
			<key>shellPath</key>
			<string>/bin/sh</string>
			<key>shellScript</key>
			<string>/usr/local/bin/carthage copy-frameworks</string>
		</dict>
		<key>220CE1331B53027A005E98F8</key>
		<dict>
			<key>isa</key>
			<string>PBXFileReference</string>
			<key>lastKnownFileType</key>
			<string>wrapper.framework</string>
			<key>name</key>
			<string>ReactiveCocoa.framework</string>
			<key>path</key>
			<string>Carthage/Build/iOS/ReactiveCocoa.framework</string>
			<key>sourceTree</key>
			<string>&lt;group&gt;</string>
		</dict>
		<key>220CE1341B53027A005E98F8</key>
		<dict>
			<key>fileRef</key>
			<string>220CE1331B53027A005E98F8</string>
			<key>isa</key>
			<string>PBXBuildFile</string>
		</dict>
		<key>220CE1351B5302C7005E98F8</key>
		<dict>
			<key>isa</key>
			<string>PBXFileReference</string>
			<key>lastKnownFileType</key>
			<string>wrapper.framework</string>
			<key>name</key>
			<string>Result.framework</string>
			<key>path</key>
			<string>Carthage/Build/iOS/Result.framework</string>
			<key>sourceTree</key>
			<string>&lt;group&gt;</string>
		</dict>
		<key>220CE1361B5302C7005E98F8</key>
		<dict>
			<key>fileRef</key>
			<string>220CE1351B5302C7005E98F8</string>
			<key>isa</key>
			<string>PBXBuildFile</string>
		</dict>
		<key>220CE1371B5308D5005E98F8</key>
		<dict>
			<key>fileEncoding</key>
			<string>4</string>
			<key>isa</key>
			<string>PBXFileReference</string>
			<key>lastKnownFileType</key>
			<string>sourcecode.swift</string>
			<key>name</key>
			<string>DBProtocol.swift</string>
			<key>path</key>
			<string>DBProtocol.swift</string>
			<key>sourceTree</key>
			<string>&lt;group&gt;</string>
		</dict>
		<key>220CE1381B5308D5005E98F8</key>
		<dict>
			<key>fileRef</key>
			<string>220CE1371B5308D5005E98F8</string>
			<key>isa</key>
			<string>PBXBuildFile</string>
		</dict>
		<key>226763A61B530B13009DC07D</key>
		<dict>
			<key>fileEncoding</key>
			<string>4</string>
			<key>isa</key>
			<string>PBXFileReference</string>
			<key>lastKnownFileType</key>
			<string>sourcecode.swift</string>
			<key>name</key>
			<string>PersistentProtocol.swift</string>
			<key>path</key>
			<string>PersistentProtocol.swift</string>
			<key>sourceTree</key>
			<string>&lt;group&gt;</string>
		</dict>
		<key>226763A71B530B13009DC07D</key>
		<dict>
			<key>fileRef</key>
			<string>226763A61B530B13009DC07D</string>
			<key>isa</key>
			<string>PBXBuildFile</string>
		</dict>
		<key>226763A81B53198A009DC07D</key>
		<dict>
			<key>children</key>
			<array>
				<string>220CE1371B5308D5005E98F8</string>
				<string>226763A61B530B13009DC07D</string>
			</array>
			<key>isa</key>
			<string>PBXGroup</string>
			<key>name</key>
			<string>Protocols</string>
			<key>path</key>
			<string>Protocols</string>
			<key>sourceTree</key>
			<string>&lt;group&gt;</string>
		</dict>
	</dict>
	<key>rootObject</key>
	<string>220CE0F51B52FFE9005E98F8</string>
</dict>
</plist>
